
Microsoft Visual Studio Solution File, Format Version 12.00
# Visual Studio Version 17
VisualStudioVersion = 17.1.32407.343
MinimumVisualStudioVersion = 10.0.40219.1
Project("{FAE04EC0-301F-11D3-BF4B-00C04F79EFBC}") = "MyApi", "MyApi\MyApi.csproj", "{97BC6328-40AA-4C26-B00D-0B43ADF36100}"
EndProject
Global
	GlobalSection(SolutionConfigurationPlatforms) = preSolution
		Debug|Any CPU = Debug|Any CPU
		Release|Any CPU = Release|Any CPU
	EndGlobalSection
	GlobalSection(ProjectConfigurationPlatforms) = postSolution
		{97BC6328-40AA-4C26-B00D-0B43ADF36100}.Debug|Any CPU.ActiveCfg = Debug|Any CPU
		{97BC6328-40AA-4C26-B00D-0B43ADF36100}.Debug|Any CPU.Build.0 = Debug|Any CPU
		{97BC6328-40AA-4C26-B00D-0B43ADF36100}.Release|Any CPU.ActiveCfg = Release|Any CPU
		{97BC6328-40AA-4C26-B00D-0B43ADF36100}.Release|Any CPU.Build.0 = Release|Any CPU
	EndGlobalSection
	GlobalSection(SolutionProperties) = preSolution
		HideSolutionNode = FALSE
	EndGlobalSection
	GlobalSection(ExtensibilityGlobals) = postSolution
		SolutionGuid = {1E578642-4D2F-4AD1-B668-2B999497F2E0}
	EndGlobalSection
EndGlobal
